// !$*UTF8*$!
{
	archiveVersion = 1;
	classes = {
	};
	objectVersion = 56;
	objects = {

/* Begin PBXBuildFile section */
		5335E13229F034C800A06BBA /* schema.graphqls in Resources */ = {isa = PBXBuildFile; fileRef = 5335E13029F034C800A06BBA /* schema.graphqls */; };
		5335E13A29F0388C00A06BBA /* NextLaunch.graphql in Resources */ = {isa = PBXBuildFile; fileRef = 5335E13929F0388C00A06BBA /* NextLaunch.graphql */; };
		5335E17E29F045F900A06BBA /* SpaceXGQL.swift in Sources */ = {isa = PBXBuildFile; fileRef = 5335E17D29F045F900A06BBA /* SpaceXGQL.swift */; };
		5353F78629F0745F00182EBE /* NextLaunchQuery.graphql.swift in Sources */ = {isa = PBXBuildFile; fileRef = 5353F77629F0745F00182EBE /* NextLaunchQuery.graphql.swift */; };
		5353F78729F0745F00182EBE /* SpaceX.graphql.swift in Sources */ = {isa = PBXBuildFile; fileRef = 5353F77729F0745F00182EBE /* SpaceX.graphql.swift */; };
		5353F78829F0745F00182EBE /* Date.swift in Sources */ = {isa = PBXBuildFile; fileRef = 5353F77A29F0745F00182EBE /* Date.swift */; };
		5353F78929F0745F00182EBE /* Launch.graphql.swift in Sources */ = {isa = PBXBuildFile; fileRef = 5353F77C29F0745F00182EBE /* Launch.graphql.swift */; };
		5353F78A29F0745F00182EBE /* Rocket.graphql.swift in Sources */ = {isa = PBXBuildFile; fileRef = 5353F77D29F0745F00182EBE /* Rocket.graphql.swift */; };
		5353F78B29F0745F00182EBE /* Distance.graphql.swift in Sources */ = {isa = PBXBuildFile; fileRef = 5353F77E29F0745F00182EBE /* Distance.graphql.swift */; };
		5353F78C29F0745F00182EBE /* RocketPayloadWeight.graphql.swift in Sources */ = {isa = PBXBuildFile; fileRef = 5353F77F29F0745F00182EBE /* RocketPayloadWeight.graphql.swift */; };
		5353F78D29F0745F00182EBE /* LaunchRocket.graphql.swift in Sources */ = {isa = PBXBuildFile; fileRef = 5353F78029F0745F00182EBE /* LaunchRocket.graphql.swift */; };
		5353F78E29F0745F00182EBE /* Query.graphql.swift in Sources */ = {isa = PBXBuildFile; fileRef = 5353F78129F0745F00182EBE /* Query.graphql.swift */; };
		5353F78F29F0745F00182EBE /* LaunchSite.graphql.swift in Sources */ = {isa = PBXBuildFile; fileRef = 5353F78229F0745F00182EBE /* LaunchSite.graphql.swift */; };
		5353F79029F0745F00182EBE /* Mass.graphql.swift in Sources */ = {isa = PBXBuildFile; fileRef = 5353F78329F0745F00182EBE /* Mass.graphql.swift */; };
		5353F79129F0745F00182EBE /* SchemaConfiguration.swift in Sources */ = {isa = PBXBuildFile; fileRef = 5353F78429F0745F00182EBE /* SchemaConfiguration.swift */; };
		5353F79229F0745F00182EBE /* SchemaMetadata.graphql.swift in Sources */ = {isa = PBXBuildFile; fileRef = 5353F78529F0745F00182EBE /* SchemaMetadata.graphql.swift */; };
		53874E4429EEF29800A7CC35 /* SpaceMaxApp.swift in Sources */ = {isa = PBXBuildFile; fileRef = 53874E4329EEF29800A7CC35 /* SpaceMaxApp.swift */; };
		53874E4629EEF29800A7CC35 /* ContentView.swift in Sources */ = {isa = PBXBuildFile; fileRef = 53874E4529EEF29800A7CC35 /* ContentView.swift */; };
		53874E4829EEF29900A7CC35 /* Assets.xcassets in Resources */ = {isa = PBXBuildFile; fileRef = 53874E4729EEF29900A7CC35 /* Assets.xcassets */; };
		53874E4B29EEF29900A7CC35 /* Preview Assets.xcassets in Resources */ = {isa = PBXBuildFile; fileRef = 53874E4A29EEF29900A7CC35 /* Preview Assets.xcassets */; };
		53874E5529EEF29900A7CC35 /* SpaceMaxTests.swift in Sources */ = {isa = PBXBuildFile; fileRef = 53874E5429EEF29900A7CC35 /* SpaceMaxTests.swift */; };
		53874E5F29EEF29A00A7CC35 /* SpaceMaxUITests.swift in Sources */ = {isa = PBXBuildFile; fileRef = 53874E5E29EEF29A00A7CC35 /* SpaceMaxUITests.swift */; };
		53874E6129EEF29A00A7CC35 /* SpaceMaxUITestsLaunchTests.swift in Sources */ = {isa = PBXBuildFile; fileRef = 53874E6029EEF29A00A7CC35 /* SpaceMaxUITestsLaunchTests.swift */; };
		53874E7329EF065300A7CC35 /* Apollo in Frameworks */ = {isa = PBXBuildFile; productRef = 53874E7229EF065300A7CC35 /* Apollo */; };
/* End PBXBuildFile section */

/* Begin PBXContainerItemProxy section */
		53874E5129EEF29900A7CC35 /* PBXContainerItemProxy */ = {
			isa = PBXContainerItemProxy;
			containerPortal = 53874E3829EEF29800A7CC35 /* Project object */;
			proxyType = 1;
			remoteGlobalIDString = 53874E3F29EEF29800A7CC35;
			remoteInfo = SpaceMax;
		};
		53874E5B29EEF29A00A7CC35 /* PBXContainerItemProxy */ = {
			isa = PBXContainerItemProxy;
			containerPortal = 53874E3829EEF29800A7CC35 /* Project object */;
			proxyType = 1;
			remoteGlobalIDString = 53874E3F29EEF29800A7CC35;
			remoteInfo = SpaceMax;
		};
/* End PBXContainerItemProxy section */

/* Begin PBXFileReference section */
		5335E13029F034C800A06BBA /* schema.graphqls */ = {isa = PBXFileReference; fileEncoding = 4; lastKnownFileType = text; path = schema.graphqls; sourceTree = "<group>"; };
		5335E13929F0388C00A06BBA /* NextLaunch.graphql */ = {isa = PBXFileReference; fileEncoding = 4; lastKnownFileType = text; path = NextLaunch.graphql; sourceTree = "<group>"; };
		5335E17D29F045F900A06BBA /* SpaceXGQL.swift */ = {isa = PBXFileReference; lastKnownFileType = sourcecode.swift; path = SpaceXGQL.swift; sourceTree = "<group>"; };
		5353F77629F0745F00182EBE /* NextLaunchQuery.graphql.swift */ = {isa = PBXFileReference; fileEncoding = 4; lastKnownFileType = sourcecode.swift; path = NextLaunchQuery.graphql.swift; sourceTree = "<group>"; };
		5353F77729F0745F00182EBE /* SpaceX.graphql.swift */ = {isa = PBXFileReference; fileEncoding = 4; lastKnownFileType = sourcecode.swift; path = SpaceX.graphql.swift; sourceTree = "<group>"; };
		5353F77A29F0745F00182EBE /* Date.swift */ = {isa = PBXFileReference; fileEncoding = 4; lastKnownFileType = sourcecode.swift; path = Date.swift; sourceTree = "<group>"; };
		5353F77C29F0745F00182EBE /* Launch.graphql.swift */ = {isa = PBXFileReference; fileEncoding = 4; lastKnownFileType = sourcecode.swift; path = Launch.graphql.swift; sourceTree = "<group>"; };
		5353F77D29F0745F00182EBE /* Rocket.graphql.swift */ = {isa = PBXFileReference; fileEncoding = 4; lastKnownFileType = sourcecode.swift; path = Rocket.graphql.swift; sourceTree = "<group>"; };
		5353F77E29F0745F00182EBE /* Distance.graphql.swift */ = {isa = PBXFileReference; fileEncoding = 4; lastKnownFileType = sourcecode.swift; path = Distance.graphql.swift; sourceTree = "<group>"; };
		5353F77F29F0745F00182EBE /* RocketPayloadWeight.graphql.swift */ = {isa = PBXFileReference; fileEncoding = 4; lastKnownFileType = sourcecode.swift; path = RocketPayloadWeight.graphql.swift; sourceTree = "<group>"; };
		5353F78029F0745F00182EBE /* LaunchRocket.graphql.swift */ = {isa = PBXFileReference; fileEncoding = 4; lastKnownFileType = sourcecode.swift; path = LaunchRocket.graphql.swift; sourceTree = "<group>"; };
		5353F78129F0745F00182EBE /* Query.graphql.swift */ = {isa = PBXFileReference; fileEncoding = 4; lastKnownFileType = sourcecode.swift; path = Query.graphql.swift; sourceTree = "<group>"; };
		5353F78229F0745F00182EBE /* LaunchSite.graphql.swift */ = {isa = PBXFileReference; fileEncoding = 4; lastKnownFileType = sourcecode.swift; path = LaunchSite.graphql.swift; sourceTree = "<group>"; };
		5353F78329F0745F00182EBE /* Mass.graphql.swift */ = {isa = PBXFileReference; fileEncoding = 4; lastKnownFileType = sourcecode.swift; path = Mass.graphql.swift; sourceTree = "<group>"; };
		5353F78429F0745F00182EBE /* SchemaConfiguration.swift */ = {isa = PBXFileReference; fileEncoding = 4; lastKnownFileType = sourcecode.swift; path = SchemaConfiguration.swift; sourceTree = "<group>"; };
		5353F78529F0745F00182EBE /* SchemaMetadata.graphql.swift */ = {isa = PBXFileReference; fileEncoding = 4; lastKnownFileType = sourcecode.swift; path = SchemaMetadata.graphql.swift; sourceTree = "<group>"; };
		53874E4029EEF29800A7CC35 /* SpaceMax.app */ = {isa = PBXFileReference; explicitFileType = wrapper.application; includeInIndex = 0; path = SpaceMax.app; sourceTree = BUILT_PRODUCTS_DIR; };
		53874E4329EEF29800A7CC35 /* SpaceMaxApp.swift */ = {isa = PBXFileReference; lastKnownFileType = sourcecode.swift; path = SpaceMaxApp.swift; sourceTree = "<group>"; };
		53874E4529EEF29800A7CC35 /* ContentView.swift */ = {isa = PBXFileReference; lastKnownFileType = sourcecode.swift; path = ContentView.swift; sourceTree = "<group>"; };
		53874E4729EEF29900A7CC35 /* Assets.xcassets */ = {isa = PBXFileReference; lastKnownFileType = folder.assetcatalog; path = Assets.xcassets; sourceTree = "<group>"; };
		53874E4A29EEF29900A7CC35 /* Preview Assets.xcassets */ = {isa = PBXFileReference; lastKnownFileType = folder.assetcatalog; path = "Preview Assets.xcassets"; sourceTree = "<group>"; };
		53874E5029EEF29900A7CC35 /* SpaceMaxTests.xctest */ = {isa = PBXFileReference; explicitFileType = wrapper.cfbundle; includeInIndex = 0; path = SpaceMaxTests.xctest; sourceTree = BUILT_PRODUCTS_DIR; };
		53874E5429EEF29900A7CC35 /* SpaceMaxTests.swift */ = {isa = PBXFileReference; lastKnownFileType = sourcecode.swift; path = SpaceMaxTests.swift; sourceTree = "<group>"; };
		53874E5A29EEF29A00A7CC35 /* SpaceMaxUITests.xctest */ = {isa = PBXFileReference; explicitFileType = wrapper.cfbundle; includeInIndex = 0; path = SpaceMaxUITests.xctest; sourceTree = BUILT_PRODUCTS_DIR; };
		53874E5E29EEF29A00A7CC35 /* SpaceMaxUITests.swift */ = {isa = PBXFileReference; lastKnownFileType = sourcecode.swift; path = SpaceMaxUITests.swift; sourceTree = "<group>"; };
		53874E6029EEF29A00A7CC35 /* SpaceMaxUITestsLaunchTests.swift */ = {isa = PBXFileReference; lastKnownFileType = sourcecode.swift; path = SpaceMaxUITestsLaunchTests.swift; sourceTree = "<group>"; };
/* End PBXFileReference section */

/* Begin PBXFrameworksBuildPhase section */
		53874E3D29EEF29800A7CC35 /* Frameworks */ = {
			isa = PBXFrameworksBuildPhase;
			buildActionMask = 2147483647;
			files = (
				53874E7329EF065300A7CC35 /* Apollo in Frameworks */,
			);
			runOnlyForDeploymentPostprocessing = 0;
		};
		53874E4D29EEF29900A7CC35 /* Frameworks */ = {
			isa = PBXFrameworksBuildPhase;
			buildActionMask = 2147483647;
			files = (
			);
			runOnlyForDeploymentPostprocessing = 0;
		};
		53874E5729EEF29A00A7CC35 /* Frameworks */ = {
			isa = PBXFrameworksBuildPhase;
			buildActionMask = 2147483647;
			files = (
			);
			runOnlyForDeploymentPostprocessing = 0;
		};
/* End PBXFrameworksBuildPhase section */

/* Begin PBXGroup section */
		5335E12929EF1A7D00A06BBA /* Core */ = {
			isa = PBXGroup;
			children = (
				5335E12A29EF1A7D00A06BBA /* Networking */,
			);
			path = Core;
			sourceTree = "<group>";
		};
		5335E12A29EF1A7D00A06BBA /* Networking */ = {
			isa = PBXGroup;
			children = (
				5335E15C29F0432000A06BBA /* GraphQL */,
			);
			path = Networking;
			sourceTree = "<group>";
		};
		5335E12F29F034C800A06BBA /* SpaceX */ = {
			isa = PBXGroup;
			children = (
				5353F77329F0745F00182EBE /* Generated */,
				5335E13429F0355200A06BBA /* Queries */,
				5335E13029F034C800A06BBA /* schema.graphqls */,
				5335E17D29F045F900A06BBA /* SpaceXGQL.swift */,
			);
			path = SpaceX;
			sourceTree = "<group>";
		};
		5335E13429F0355200A06BBA /* Queries */ = {
			isa = PBXGroup;
			children = (
				5335E13529F035A900A06BBA /* Launches */,
			);
			path = Queries;
			sourceTree = "<group>";
		};
		5335E13529F035A900A06BBA /* Launches */ = {
			isa = PBXGroup;
			children = (
				5335E13929F0388C00A06BBA /* NextLaunch.graphql */,
			);
			path = Launches;
			sourceTree = "<group>";
		};
		5335E15C29F0432000A06BBA /* GraphQL */ = {
			isa = PBXGroup;
			children = (
				5335E12F29F034C800A06BBA /* SpaceX */,
			);
			path = GraphQL;
			sourceTree = "<group>";
		};
		5353F77329F0745F00182EBE /* Generated */ = {
			isa = PBXGroup;
			children = (
				5353F77429F0745F00182EBE /* Operations */,
				5353F77729F0745F00182EBE /* SpaceX.graphql.swift */,
				5353F77829F0745F00182EBE /* Schema */,
			);
			name = Generated;
			path = SpaceMax/Core/Networking/GraphQL/SpaceX/Generated;
			sourceTree = SOURCE_ROOT;
		};
		5353F77429F0745F00182EBE /* Operations */ = {
			isa = PBXGroup;
			children = (
				5353F77529F0745F00182EBE /* Queries */,
			);
			path = Operations;
			sourceTree = "<group>";
		};
		5353F77529F0745F00182EBE /* Queries */ = {
			isa = PBXGroup;
			children = (
				5353F77629F0745F00182EBE /* NextLaunchQuery.graphql.swift */,
			);
			path = Queries;
			sourceTree = "<group>";
		};
		5353F77829F0745F00182EBE /* Schema */ = {
			isa = PBXGroup;
			children = (
				5353F77929F0745F00182EBE /* CustomScalars */,
				5353F77B29F0745F00182EBE /* Objects */,
				5353F78429F0745F00182EBE /* SchemaConfiguration.swift */,
				5353F78529F0745F00182EBE /* SchemaMetadata.graphql.swift */,
			);
			path = Schema;
			sourceTree = "<group>";
		};
		5353F77929F0745F00182EBE /* CustomScalars */ = {
			isa = PBXGroup;
			children = (
				5353F77A29F0745F00182EBE /* Date.swift */,
			);
			path = CustomScalars;
			sourceTree = "<group>";
		};
		5353F77B29F0745F00182EBE /* Objects */ = {
			isa = PBXGroup;
			children = (
				5353F77C29F0745F00182EBE /* Launch.graphql.swift */,
				5353F77D29F0745F00182EBE /* Rocket.graphql.swift */,
				5353F77E29F0745F00182EBE /* Distance.graphql.swift */,
				5353F77F29F0745F00182EBE /* RocketPayloadWeight.graphql.swift */,
				5353F78029F0745F00182EBE /* LaunchRocket.graphql.swift */,
				5353F78129F0745F00182EBE /* Query.graphql.swift */,
				5353F78229F0745F00182EBE /* LaunchSite.graphql.swift */,
				5353F78329F0745F00182EBE /* Mass.graphql.swift */,
			);
			path = Objects;
			sourceTree = "<group>";
		};
		53874E3729EEF29800A7CC35 = {
			isa = PBXGroup;
			children = (
				53874E4229EEF29800A7CC35 /* SpaceMax */,
				53874E5329EEF29900A7CC35 /* SpaceMaxTests */,
				53874E5D29EEF29A00A7CC35 /* SpaceMaxUITests */,
				53874E4129EEF29800A7CC35 /* Products */,
			);
			sourceTree = "<group>";
		};
		53874E4129EEF29800A7CC35 /* Products */ = {
			isa = PBXGroup;
			children = (
				53874E4029EEF29800A7CC35 /* SpaceMax.app */,
				53874E5029EEF29900A7CC35 /* SpaceMaxTests.xctest */,
				53874E5A29EEF29A00A7CC35 /* SpaceMaxUITests.xctest */,
			);
			name = Products;
			sourceTree = "<group>";
		};
		53874E4229EEF29800A7CC35 /* SpaceMax */ = {
			isa = PBXGroup;
			children = (
				53874E4329EEF29800A7CC35 /* SpaceMaxApp.swift */,
				53874E4529EEF29800A7CC35 /* ContentView.swift */,
				53874E4729EEF29900A7CC35 /* Assets.xcassets */,
				5335E12929EF1A7D00A06BBA /* Core */,
				53874E4929EEF29900A7CC35 /* Preview Content */,
			);
			path = SpaceMax;
			sourceTree = "<group>";
		};
		53874E4929EEF29900A7CC35 /* Preview Content */ = {
			isa = PBXGroup;
			children = (
				53874E4A29EEF29900A7CC35 /* Preview Assets.xcassets */,
			);
			path = "Preview Content";
			sourceTree = "<group>";
		};
		53874E5329EEF29900A7CC35 /* SpaceMaxTests */ = {
			isa = PBXGroup;
			children = (
				53874E5429EEF29900A7CC35 /* SpaceMaxTests.swift */,
			);
			path = SpaceMaxTests;
			sourceTree = "<group>";
		};
		53874E5D29EEF29A00A7CC35 /* SpaceMaxUITests */ = {
			isa = PBXGroup;
			children = (
				53874E5E29EEF29A00A7CC35 /* SpaceMaxUITests.swift */,
				53874E6029EEF29A00A7CC35 /* SpaceMaxUITestsLaunchTests.swift */,
			);
			path = SpaceMaxUITests;
			sourceTree = "<group>";
		};
/* End PBXGroup section */

/* Begin PBXNativeTarget section */
		53874E3F29EEF29800A7CC35 /* SpaceMax */ = {
			isa = PBXNativeTarget;
			buildConfigurationList = 53874E6429EEF29A00A7CC35 /* Build configuration list for PBXNativeTarget "SpaceMax" */;
			buildPhases = (
				53874E3C29EEF29800A7CC35 /* Sources */,
				53874E3D29EEF29800A7CC35 /* Frameworks */,
				53874E3E29EEF29800A7CC35 /* Resources */,
			);
			buildRules = (
			);
			dependencies = (
			);
			name = SpaceMax;
			packageProductDependencies = (
				53874E7229EF065300A7CC35 /* Apollo */,
			);
			productName = SpaceMax;
			productReference = 53874E4029EEF29800A7CC35 /* SpaceMax.app */;
			productType = "com.apple.product-type.application";
		};
		53874E4F29EEF29900A7CC35 /* SpaceMaxTests */ = {
			isa = PBXNativeTarget;
			buildConfigurationList = 53874E6729EEF29A00A7CC35 /* Build configuration list for PBXNativeTarget "SpaceMaxTests" */;
			buildPhases = (
				53874E4C29EEF29900A7CC35 /* Sources */,
				53874E4D29EEF29900A7CC35 /* Frameworks */,
				53874E4E29EEF29900A7CC35 /* Resources */,
			);
			buildRules = (
			);
			dependencies = (
				53874E5229EEF29900A7CC35 /* PBXTargetDependency */,
			);
			name = SpaceMaxTests;
			productName = SpaceMaxTests;
			productReference = 53874E5029EEF29900A7CC35 /* SpaceMaxTests.xctest */;
			productType = "com.apple.product-type.bundle.unit-test";
		};
		53874E5929EEF29A00A7CC35 /* SpaceMaxUITests */ = {
			isa = PBXNativeTarget;
			buildConfigurationList = 53874E6A29EEF29A00A7CC35 /* Build configuration list for PBXNativeTarget "SpaceMaxUITests" */;
			buildPhases = (
				53874E5629EEF29A00A7CC35 /* Sources */,
				53874E5729EEF29A00A7CC35 /* Frameworks */,
				53874E5829EEF29A00A7CC35 /* Resources */,
			);
			buildRules = (
			);
			dependencies = (
				53874E5C29EEF29A00A7CC35 /* PBXTargetDependency */,
			);
			name = SpaceMaxUITests;
			productName = SpaceMaxUITests;
			productReference = 53874E5A29EEF29A00A7CC35 /* SpaceMaxUITests.xctest */;
			productType = "com.apple.product-type.bundle.ui-testing";
		};
/* End PBXNativeTarget section */

/* Begin PBXProject section */
		53874E3829EEF29800A7CC35 /* Project object */ = {
			isa = PBXProject;
			attributes = {
				BuildIndependentTargetsInParallel = 1;
				LastSwiftUpdateCheck = 1430;
				LastUpgradeCheck = 1430;
				TargetAttributes = {
					53874E3F29EEF29800A7CC35 = {
						CreatedOnToolsVersion = 14.3;
					};
					53874E4F29EEF29900A7CC35 = {
						CreatedOnToolsVersion = 14.3;
						TestTargetID = 53874E3F29EEF29800A7CC35;
					};
					53874E5929EEF29A00A7CC35 = {
						CreatedOnToolsVersion = 14.3;
						TestTargetID = 53874E3F29EEF29800A7CC35;
					};
				};
			};
			buildConfigurationList = 53874E3B29EEF29800A7CC35 /* Build configuration list for PBXProject "SpaceMax" */;
			compatibilityVersion = "Xcode 14.0";
			developmentRegion = en;
			hasScannedForEncodings = 0;
			knownRegions = (
				en,
				Base,
			);
			mainGroup = 53874E3729EEF29800A7CC35;
			packageReferences = (
				53874E7129EF065300A7CC35 /* XCRemoteSwiftPackageReference "apollo-ios" */,
			);
			productRefGroup = 53874E4129EEF29800A7CC35 /* Products */;
			projectDirPath = "";
			projectRoot = "";
			targets = (
				53874E3F29EEF29800A7CC35 /* SpaceMax */,
				53874E4F29EEF29900A7CC35 /* SpaceMaxTests */,
				53874E5929EEF29A00A7CC35 /* SpaceMaxUITests */,
			);
		};
/* End PBXProject section */

/* Begin PBXResourcesBuildPhase section */
		53874E3E29EEF29800A7CC35 /* Resources */ = {
			isa = PBXResourcesBuildPhase;
			buildActionMask = 2147483647;
			files = (
				5335E13A29F0388C00A06BBA /* NextLaunch.graphql in Resources */,
				53874E4B29EEF29900A7CC35 /* Preview Assets.xcassets in Resources */,
				5335E13229F034C800A06BBA /* schema.graphqls in Resources */,
				53874E4829EEF29900A7CC35 /* Assets.xcassets in Resources */,
			);
			runOnlyForDeploymentPostprocessing = 0;
		};
		53874E4E29EEF29900A7CC35 /* Resources */ = {
			isa = PBXResourcesBuildPhase;
			buildActionMask = 2147483647;
			files = (
			);
			runOnlyForDeploymentPostprocessing = 0;
		};
		53874E5829EEF29A00A7CC35 /* Resources */ = {
			isa = PBXResourcesBuildPhase;
			buildActionMask = 2147483647;
			files = (
			);
			runOnlyForDeploymentPostprocessing = 0;
		};
/* End PBXResourcesBuildPhase section */

/* Begin PBXSourcesBuildPhase section */
		53874E3C29EEF29800A7CC35 /* Sources */ = {
			isa = PBXSourcesBuildPhase;
			buildActionMask = 2147483647;
			files = (
				5353F78729F0745F00182EBE /* SpaceX.graphql.swift in Sources */,
				5353F78E29F0745F00182EBE /* Query.graphql.swift in Sources */,
				5353F78C29F0745F00182EBE /* RocketPayloadWeight.graphql.swift in Sources */,
				5353F78B29F0745F00182EBE /* Distance.graphql.swift in Sources */,
				5353F78829F0745F00182EBE /* Date.swift in Sources */,
				5353F79129F0745F00182EBE /* SchemaConfiguration.swift in Sources */,
				5353F79229F0745F00182EBE /* SchemaMetadata.graphql.swift in Sources */,
				53874E4629EEF29800A7CC35 /* ContentView.swift in Sources */,
				5353F79029F0745F00182EBE /* Mass.graphql.swift in Sources */,
				5353F78629F0745F00182EBE /* NextLaunchQuery.graphql.swift in Sources */,
				5353F78A29F0745F00182EBE /* Rocket.graphql.swift in Sources */,
				5353F78929F0745F00182EBE /* Launch.graphql.swift in Sources */,
				5335E17E29F045F900A06BBA /* SpaceXGQL.swift in Sources */,
				5353F78F29F0745F00182EBE /* LaunchSite.graphql.swift in Sources */,
				53874E4429EEF29800A7CC35 /* SpaceMaxApp.swift in Sources */,
				5353F78D29F0745F00182EBE /* LaunchRocket.graphql.swift in Sources */,
			);
			runOnlyForDeploymentPostprocessing = 0;
		};
		53874E4C29EEF29900A7CC35 /* Sources */ = {
			isa = PBXSourcesBuildPhase;
			buildActionMask = 2147483647;
			files = (
				53874E5529EEF29900A7CC35 /* SpaceMaxTests.swift in Sources */,
			);
			runOnlyForDeploymentPostprocessing = 0;
		};
		53874E5629EEF29A00A7CC35 /* Sources */ = {
			isa = PBXSourcesBuildPhase;
			buildActionMask = 2147483647;
			files = (
				53874E6129EEF29A00A7CC35 /* SpaceMaxUITestsLaunchTests.swift in Sources */,
				53874E5F29EEF29A00A7CC35 /* SpaceMaxUITests.swift in Sources */,
			);
			runOnlyForDeploymentPostprocessing = 0;
		};
/* End PBXSourcesBuildPhase section */

/* Begin PBXTargetDependency section */
		53874E5229EEF29900A7CC35 /* PBXTargetDependency */ = {
			isa = PBXTargetDependency;
			target = 53874E3F29EEF29800A7CC35 /* SpaceMax */;
			targetProxy = 53874E5129EEF29900A7CC35 /* PBXContainerItemProxy */;
		};
		53874E5C29EEF29A00A7CC35 /* PBXTargetDependency */ = {
			isa = PBXTargetDependency;
			target = 53874E3F29EEF29800A7CC35 /* SpaceMax */;
			targetProxy = 53874E5B29EEF29A00A7CC35 /* PBXContainerItemProxy */;
		};
/* End PBXTargetDependency section */

/* Begin XCBuildConfiguration section */
		53874E6229EEF29A00A7CC35 /* Debug */ = {
			isa = XCBuildConfiguration;
			buildSettings = {
				ALWAYS_SEARCH_USER_PATHS = NO;
				CLANG_ANALYZER_NONNULL = YES;
				CLANG_ANALYZER_NUMBER_OBJECT_CONVERSION = YES_AGGRESSIVE;
				CLANG_CXX_LANGUAGE_STANDARD = "gnu++20";
				CLANG_ENABLE_MODULES = YES;
				CLANG_ENABLE_OBJC_ARC = YES;
				CLANG_ENABLE_OBJC_WEAK = YES;
				CLANG_WARN_BLOCK_CAPTURE_AUTORELEASING = YES;
				CLANG_WARN_BOOL_CONVERSION = YES;
				CLANG_WARN_COMMA = YES;
				CLANG_WARN_CONSTANT_CONVERSION = YES;
				CLANG_WARN_DEPRECATED_OBJC_IMPLEMENTATIONS = YES;
				CLANG_WARN_DIRECT_OBJC_ISA_USAGE = YES_ERROR;
				CLANG_WARN_DOCUMENTATION_COMMENTS = YES;
				CLANG_WARN_EMPTY_BODY = YES;
				CLANG_WARN_ENUM_CONVERSION = YES;
				CLANG_WARN_INFINITE_RECURSION = YES;
				CLANG_WARN_INT_CONVERSION = YES;
				CLANG_WARN_NON_LITERAL_NULL_CONVERSION = YES;
				CLANG_WARN_OBJC_IMPLICIT_RETAIN_SELF = YES;
				CLANG_WARN_OBJC_LITERAL_CONVERSION = YES;
				CLANG_WARN_OBJC_ROOT_CLASS = YES_ERROR;
				CLANG_WARN_QUOTED_INCLUDE_IN_FRAMEWORK_HEADER = YES;
				CLANG_WARN_RANGE_LOOP_ANALYSIS = YES;
				CLANG_WARN_STRICT_PROTOTYPES = YES;
				CLANG_WARN_SUSPICIOUS_MOVE = YES;
				CLANG_WARN_UNGUARDED_AVAILABILITY = YES_AGGRESSIVE;
				CLANG_WARN_UNREACHABLE_CODE = YES;
				CLANG_WARN__DUPLICATE_METHOD_MATCH = YES;
				COPY_PHASE_STRIP = NO;
				DEBUG_INFORMATION_FORMAT = dwarf;
				ENABLE_STRICT_OBJC_MSGSEND = YES;
				ENABLE_TESTABILITY = YES;
				GCC_C_LANGUAGE_STANDARD = gnu11;
				GCC_DYNAMIC_NO_PIC = NO;
				GCC_NO_COMMON_BLOCKS = YES;
				GCC_OPTIMIZATION_LEVEL = 0;
				GCC_PREPROCESSOR_DEFINITIONS = (
					"DEBUG=1",
					"$(inherited)",
				);
				GCC_WARN_64_TO_32_BIT_CONVERSION = YES;
				GCC_WARN_ABOUT_RETURN_TYPE = YES_ERROR;
				GCC_WARN_UNDECLARED_SELECTOR = YES;
				GCC_WARN_UNINITIALIZED_AUTOS = YES_AGGRESSIVE;
				GCC_WARN_UNUSED_FUNCTION = YES;
				GCC_WARN_UNUSED_VARIABLE = YES;
				IPHONEOS_DEPLOYMENT_TARGET = 16.4;
				MTL_ENABLE_DEBUG_INFO = INCLUDE_SOURCE;
				MTL_FAST_MATH = YES;
				ONLY_ACTIVE_ARCH = YES;
				SDKROOT = iphoneos;
				SWIFT_ACTIVE_COMPILATION_CONDITIONS = DEBUG;
				SWIFT_OPTIMIZATION_LEVEL = "-Onone";
			};
			name = Debug;
		};
		53874E6329EEF29A00A7CC35 /* Release */ = {
			isa = XCBuildConfiguration;
			buildSettings = {
				ALWAYS_SEARCH_USER_PATHS = NO;
				CLANG_ANALYZER_NONNULL = YES;
				CLANG_ANALYZER_NUMBER_OBJECT_CONVERSION = YES_AGGRESSIVE;
				CLANG_CXX_LANGUAGE_STANDARD = "gnu++20";
				CLANG_ENABLE_MODULES = YES;
				CLANG_ENABLE_OBJC_ARC = YES;
				CLANG_ENABLE_OBJC_WEAK = YES;
				CLANG_WARN_BLOCK_CAPTURE_AUTORELEASING = YES;
				CLANG_WARN_BOOL_CONVERSION = YES;
				CLANG_WARN_COMMA = YES;
				CLANG_WARN_CONSTANT_CONVERSION = YES;
				CLANG_WARN_DEPRECATED_OBJC_IMPLEMENTATIONS = YES;
				CLANG_WARN_DIRECT_OBJC_ISA_USAGE = YES_ERROR;
				CLANG_WARN_DOCUMENTATION_COMMENTS = YES;
				CLANG_WARN_EMPTY_BODY = YES;
				CLANG_WARN_ENUM_CONVERSION = YES;
				CLANG_WARN_INFINITE_RECURSION = YES;
				CLANG_WARN_INT_CONVERSION = YES;
				CLANG_WARN_NON_LITERAL_NULL_CONVERSION = YES;
				CLANG_WARN_OBJC_IMPLICIT_RETAIN_SELF = YES;
				CLANG_WARN_OBJC_LITERAL_CONVERSION = YES;
				CLANG_WARN_OBJC_ROOT_CLASS = YES_ERROR;
				CLANG_WARN_QUOTED_INCLUDE_IN_FRAMEWORK_HEADER = YES;
				CLANG_WARN_RANGE_LOOP_ANALYSIS = YES;
				CLANG_WARN_STRICT_PROTOTYPES = YES;
				CLANG_WARN_SUSPICIOUS_MOVE = YES;
				CLANG_WARN_UNGUARDED_AVAILABILITY = YES_AGGRESSIVE;
				CLANG_WARN_UNREACHABLE_CODE = YES;
				CLANG_WARN__DUPLICATE_METHOD_MATCH = YES;
				COPY_PHASE_STRIP = NO;
				DEBUG_INFORMATION_FORMAT = "dwarf-with-dsym";
				ENABLE_NS_ASSERTIONS = NO;
				ENABLE_STRICT_OBJC_MSGSEND = YES;
				GCC_C_LANGUAGE_STANDARD = gnu11;
				GCC_NO_COMMON_BLOCKS = YES;
				GCC_WARN_64_TO_32_BIT_CONVERSION = YES;
				GCC_WARN_ABOUT_RETURN_TYPE = YES_ERROR;
				GCC_WARN_UNDECLARED_SELECTOR = YES;
				GCC_WARN_UNINITIALIZED_AUTOS = YES_AGGRESSIVE;
				GCC_WARN_UNUSED_FUNCTION = YES;
				GCC_WARN_UNUSED_VARIABLE = YES;
				IPHONEOS_DEPLOYMENT_TARGET = 16.4;
				MTL_ENABLE_DEBUG_INFO = NO;
				MTL_FAST_MATH = YES;
				SDKROOT = iphoneos;
				SWIFT_COMPILATION_MODE = wholemodule;
				SWIFT_OPTIMIZATION_LEVEL = "-O";
				VALIDATE_PRODUCT = YES;
			};
			name = Release;
		};
		53874E6529EEF29A00A7CC35 /* Debug */ = {
			isa = XCBuildConfiguration;
			buildSettings = {
				ASSETCATALOG_COMPILER_APPICON_NAME = AppIcon;
				ASSETCATALOG_COMPILER_GLOBAL_ACCENT_COLOR_NAME = AccentColor;
				CODE_SIGN_STYLE = Automatic;
				CURRENT_PROJECT_VERSION = 1;
				DEVELOPMENT_ASSET_PATHS = "\"SpaceMax/Preview Content\"";
				ENABLE_PREVIEWS = YES;
				GENERATE_INFOPLIST_FILE = YES;
				INFOPLIST_KEY_UIApplicationSceneManifest_Generation = YES;
				INFOPLIST_KEY_UIApplicationSupportsIndirectInputEvents = YES;
				INFOPLIST_KEY_UILaunchScreen_Generation = YES;
				INFOPLIST_KEY_UISupportedInterfaceOrientations = UIInterfaceOrientationPortrait;
				LD_RUNPATH_SEARCH_PATHS = (
					"$(inherited)",
					"@executable_path/Frameworks",
				);
				MARKETING_VERSION = 1.0;
				PRODUCT_BUNDLE_IDENTIFIER = com.github.rafaelsrocha.SpaceMax;
				PRODUCT_NAME = "$(TARGET_NAME)";
				SWIFT_EMIT_LOC_STRINGS = YES;
				SWIFT_VERSION = 5.0;
				TARGETED_DEVICE_FAMILY = "1,2";
			};
			name = Debug;
		};
		53874E6629EEF29A00A7CC35 /* Release */ = {
			isa = XCBuildConfiguration;
			buildSettings = {
				ASSETCATALOG_COMPILER_APPICON_NAME = AppIcon;
				ASSETCATALOG_COMPILER_GLOBAL_ACCENT_COLOR_NAME = AccentColor;
				CODE_SIGN_STYLE = Automatic;
				CURRENT_PROJECT_VERSION = 1;
				DEVELOPMENT_ASSET_PATHS = "\"SpaceMax/Preview Content\"";
				ENABLE_PREVIEWS = YES;
				GENERATE_INFOPLIST_FILE = YES;
				INFOPLIST_KEY_UIApplicationSceneManifest_Generation = YES;
				INFOPLIST_KEY_UIApplicationSupportsIndirectInputEvents = YES;
				INFOPLIST_KEY_UILaunchScreen_Generation = YES;
				INFOPLIST_KEY_UISupportedInterfaceOrientations = UIInterfaceOrientationPortrait;
				LD_RUNPATH_SEARCH_PATHS = (
					"$(inherited)",
					"@executable_path/Frameworks",
				);
				MARKETING_VERSION = 1.0;
				PRODUCT_BUNDLE_IDENTIFIER = com.github.rafaelsrocha.SpaceMax;
				PRODUCT_NAME = "$(TARGET_NAME)";
				SWIFT_EMIT_LOC_STRINGS = YES;
				SWIFT_VERSION = 5.0;
				TARGETED_DEVICE_FAMILY = "1,2";
			};
			name = Release;
		};
		53874E6829EEF29A00A7CC35 /* Debug */ = {
			isa = XCBuildConfiguration;
			buildSettings = {
				ALWAYS_EMBED_SWIFT_STANDARD_LIBRARIES = YES;
				BUNDLE_LOADER = "$(TEST_HOST)";
				CODE_SIGN_STYLE = Automatic;
				CURRENT_PROJECT_VERSION = 1;
				GENERATE_INFOPLIST_FILE = YES;
				IPHONEOS_DEPLOYMENT_TARGET = 16.4;
				MARKETING_VERSION = 1.0;
				PRODUCT_BUNDLE_IDENTIFIER = com.github.rafaelsrocha.SpaceMaxTests;
				PRODUCT_NAME = "$(TARGET_NAME)";
				SWIFT_EMIT_LOC_STRINGS = NO;
				SWIFT_VERSION = 5.0;
				TARGETED_DEVICE_FAMILY = "1,2";
				TEST_HOST = "$(BUILT_PRODUCTS_DIR)/SpaceMax.app/$(BUNDLE_EXECUTABLE_FOLDER_PATH)/SpaceMax";
			};
			name = Debug;
		};
		53874E6929EEF29A00A7CC35 /* Release */ = {
			isa = XCBuildConfiguration;
			buildSettings = {
				ALWAYS_EMBED_SWIFT_STANDARD_LIBRARIES = YES;
				BUNDLE_LOADER = "$(TEST_HOST)";
				CODE_SIGN_STYLE = Automatic;
				CURRENT_PROJECT_VERSION = 1;
				GENERATE_INFOPLIST_FILE = YES;
				IPHONEOS_DEPLOYMENT_TARGET = 16.4;
				MARKETING_VERSION = 1.0;
				PRODUCT_BUNDLE_IDENTIFIER = com.github.rafaelsrocha.SpaceMaxTests;
				PRODUCT_NAME = "$(TARGET_NAME)";
				SWIFT_EMIT_LOC_STRINGS = NO;
				SWIFT_VERSION = 5.0;
				TARGETED_DEVICE_FAMILY = "1,2";
				TEST_HOST = "$(BUILT_PRODUCTS_DIR)/SpaceMax.app/$(BUNDLE_EXECUTABLE_FOLDER_PATH)/SpaceMax";
			};
			name = Release;
		};
		53874E6B29EEF29A00A7CC35 /* Debug */ = {
			isa = XCBuildConfiguration;
			buildSettings = {
				ALWAYS_EMBED_SWIFT_STANDARD_LIBRARIES = YES;
				CODE_SIGN_STYLE = Automatic;
				CURRENT_PROJECT_VERSION = 1;
				GENERATE_INFOPLIST_FILE = YES;
				MARKETING_VERSION = 1.0;
				PRODUCT_BUNDLE_IDENTIFIER = com.github.rafaelsrocha.SpaceMaxUITests;
				PRODUCT_NAME = "$(TARGET_NAME)";
				SWIFT_EMIT_LOC_STRINGS = NO;
				SWIFT_VERSION = 5.0;
				TARGETED_DEVICE_FAMILY = "1,2";
				TEST_TARGET_NAME = SpaceMax;
			};
			name = Debug;
		};
		53874E6C29EEF29A00A7CC35 /* Release */ = {
			isa = XCBuildConfiguration;
			buildSettings = {
				ALWAYS_EMBED_SWIFT_STANDARD_LIBRARIES = YES;
				CODE_SIGN_STYLE = Automatic;
				CURRENT_PROJECT_VERSION = 1;
				GENERATE_INFOPLIST_FILE = YES;
				MARKETING_VERSION = 1.0;
				PRODUCT_BUNDLE_IDENTIFIER = com.github.rafaelsrocha.SpaceMaxUITests;
				PRODUCT_NAME = "$(TARGET_NAME)";
				SWIFT_EMIT_LOC_STRINGS = NO;
				SWIFT_VERSION = 5.0;
				TARGETED_DEVICE_FAMILY = "1,2";
				TEST_TARGET_NAME = SpaceMax;
			};
			name = Release;
		};
/* End XCBuildConfiguration section */

/* Begin XCConfigurationList section */
		53874E3B29EEF29800A7CC35 /* Build configuration list for PBXProject "SpaceMax" */ = {
			isa = XCConfigurationList;
			buildConfigurations = (
				53874E6229EEF29A00A7CC35 /* Debug */,
				53874E6329EEF29A00A7CC35 /* Release */,
			);
			defaultConfigurationIsVisible = 0;
			defaultConfigurationName = Release;
		};
		53874E6429EEF29A00A7CC35 /* Build configuration list for PBXNativeTarget "SpaceMax" */ = {
			isa = XCConfigurationList;
			buildConfigurations = (
				53874E6529EEF29A00A7CC35 /* Debug */,
				53874E6629EEF29A00A7CC35 /* Release */,
			);
			defaultConfigurationIsVisible = 0;
			defaultConfigurationName = Release;
		};
		53874E6729EEF29A00A7CC35 /* Build configuration list for PBXNativeTarget "SpaceMaxTests" */ = {
			isa = XCConfigurationList;
			buildConfigurations = (
				53874E6829EEF29A00A7CC35 /* Debug */,
				53874E6929EEF29A00A7CC35 /* Release */,
			);
			defaultConfigurationIsVisible = 0;
			defaultConfigurationName = Release;
		};
		53874E6A29EEF29A00A7CC35 /* Build configuration list for PBXNativeTarget "SpaceMaxUITests" */ = {
			isa = XCConfigurationList;
			buildConfigurations = (
				53874E6B29EEF29A00A7CC35 /* Debug */,
				53874E6C29EEF29A00A7CC35 /* Release */,
			);
			defaultConfigurationIsVisible = 0;
			defaultConfigurationName = Release;
		};
/* End XCConfigurationList section */

/* Begin XCRemoteSwiftPackageReference section */
		53874E7129EF065300A7CC35 /* XCRemoteSwiftPackageReference "apollo-ios" */ = {
			isa = XCRemoteSwiftPackageReference;
			repositoryURL = "https://github.com/apollographql/apollo-ios.git";
			requirement = {
				kind = upToNextMajorVersion;
				minimumVersion = 1.0.0;
			};
		};
/* End XCRemoteSwiftPackageReference section */

/* Begin XCSwiftPackageProductDependency section */
		53874E7229EF065300A7CC35 /* Apollo */ = {
			isa = XCSwiftPackageProductDependency;
			package = 53874E7129EF065300A7CC35 /* XCRemoteSwiftPackageReference "apollo-ios" */;
			productName = Apollo;
		};
/* End XCSwiftPackageProductDependency section */
	};
	rootObject = 53874E3829EEF29800A7CC35 /* Project object */;
}
